
Microsoft Visual Studio Solution File, Format Version 12.00
# Visual Studio Version 17
VisualStudioVersion = 17.6.33723.286
MinimumVisualStudioVersion = 10.0.40219.1
Project("{FAE04EC0-301F-11D3-BF4B-00C04F79EFBC}") = "ProjectConProfile", "ProjectConProfile\ProjectConProfile.csproj", "{8EE30AA2-69DC-49B5-BB3D-0A04DC39D85E}"
EndProject
Global
	GlobalSection(SolutionConfigurationPlatforms) = preSolution
		Debug|Any CPU = Debug|Any CPU
		Release|Any CPU = Release|Any CPU
	EndGlobalSection
	GlobalSection(ProjectConfigurationPlatforms) = postSolution
		{8EE30AA2-69DC-49B5-BB3D-0A04DC39D85E}.Debug|Any CPU.ActiveCfg = Debug|Any CPU
		{8EE30AA2-69DC-49B5-BB3D-0A04DC39D85E}.Debug|Any CPU.Build.0 = Debug|Any CPU
		{8EE30AA2-69DC-49B5-BB3D-0A04DC39D85E}.Release|Any CPU.ActiveCfg = Release|Any CPU
		{8EE30AA2-69DC-49B5-BB3D-0A04DC39D85E}.Release|Any CPU.Build.0 = Release|Any CPU
	EndGlobalSection
	GlobalSection(SolutionProperties) = preSolution
		HideSolutionNode = FALSE
	EndGlobalSection
	GlobalSection(ExtensibilityGlobals) = postSolution
		SolutionGuid = {FD608EA9-D458-435E-A777-257B44779DE0}
	EndGlobalSection
EndGlobal
